{
  "version": "4",
  "specifiers": {
    "jsr:@hono/hono@^4.6.12": "4.6.12",
    "jsr:@std/assert@1": "1.0.8",
    "jsr:@std/internal@^1.0.5": "1.0.5",
    "npm:create-hono@latest": "0.8.0"
  },
  "jsr": {
    "@hono/hono@4.6.12": {
      "integrity": "fa0b97fa7c3292f0d9957109ac07a475fe485868795b71b8e3114c284152cdb5"
    },
    "@std/assert@1.0.8": {
      "integrity": "ebe0bd7eb488ee39686f77003992f389a06c3da1bbd8022184804852b2fa641b",
      "dependencies": [
        "jsr:@std/internal"
      ]
    },
    "@std/internal@1.0.5": {
      "integrity": "54a546004f769c1ac9e025abd15a76b6671ddc9687e2313b67376125650dc7ba"
    }
  },
  "npm": {
    "create-hono@0.8.0": {
      "integrity": "sha512-NdnZNEIdMp7YHRLWpvFOrUAgs53B3skc3X2ewkffSH29kKHOmWqQXVHPHi3gQAxiYZejtsVIPWgkFoJ6EvgP1A=="
    }
  },
  "workspace": {
    "dependencies": [
      "jsr:@std/assert@1"
    ],
    "members": {
      "server": {
        "dependencies": [
          "jsr:@hono/hono@^4.6.12"
        ]
      }
    }
  }
}
